
Microsoft Visual Studio Solution File, Format Version 12.00
# Visual Studio Version 17
VisualStudioVersion = 17.13.35818.85 d17.13
MinimumVisualStudioVersion = 10.0.40219.1
Project("{FAE04EC0-301F-11D3-BF4B-00C04F79EFBC}") = "ProfileCard", "ProfileCard.csproj", "{15515970-D593-4785-AEEB-682CCF0C6B51}"
EndProject
Global
	GlobalSection(SolutionConfigurationPlatforms) = preSolution
		Debug|Any CPU = Debug|Any CPU
		Release|Any CPU = Release|Any CPU
	EndGlobalSection
	GlobalSection(ProjectConfigurationPlatforms) = postSolution
		{15515970-D593-4785-AEEB-682CCF0C6B51}.Debug|Any CPU.ActiveCfg = Debug|Any CPU
		{15515970-D593-4785-AEEB-682CCF0C6B51}.Debug|Any CPU.Build.0 = Debug|Any CPU
		{15515970-D593-4785-AEEB-682CCF0C6B51}.Release|Any CPU.ActiveCfg = Release|Any CPU
		{15515970-D593-4785-AEEB-682CCF0C6B51}.Release|Any CPU.Build.0 = Release|Any CPU
	EndGlobalSection
	GlobalSection(SolutionProperties) = preSolution
		HideSolutionNode = FALSE
	EndGlobalSection
	GlobalSection(ExtensibilityGlobals) = postSolution
		SolutionGuid = {811E140C-E946-4472-84E7-A889E72F2645}
	EndGlobalSection
EndGlobal
